// !$*UTF8*$!
{
	archiveVersion = 1;
	classes = {
	};
	objectVersion = 50;
	objects = {

/* Begin PBXBuildFile section */
		FA40526E2BC3072F007140A8 /* AppDelegate.swift in Sources */ = {isa = PBXBuildFile; fileRef = FA40526D2BC3072F007140A8 /* AppDelegate.swift */; };
		FA4052702BC3072F007140A8 /* SceneDelegate.swift in Sources */ = {isa = PBXBuildFile; fileRef = FA40526F2BC3072F007140A8 /* SceneDelegate.swift */; };
		FA4052722BC3072F007140A8 /* ViewController.swift in Sources */ = {isa = PBXBuildFile; fileRef = FA4052712BC3072F007140A8 /* ViewController.swift */; };
		FA4052752BC3072F007140A8 /* Main.storyboard in Resources */ = {isa = PBXBuildFile; fileRef = FA4052732BC3072F007140A8 /* Main.storyboard */; };
		FA40527A2BC30730007140A8 /* LaunchScreen.storyboard in Resources */ = {isa = PBXBuildFile; fileRef = FA4052782BC30730007140A8 /* LaunchScreen.storyboard */; };
		FA4052852BC30730007140A8 /* GMonitorTests.swift in Sources */ = {isa = PBXBuildFile; fileRef = FA4052842BC30730007140A8 /* GMonitorTests.swift */; };
		FA4052902BC30730007140A8 /* GMonitorUITests.swift in Sources */ = {isa = PBXBuildFile; fileRef = FA40528F2BC30730007140A8 /* GMonitorUITests.swift */; };
		FA40529E2BC30914007140A8 /* elk.jpg in Resources */ = {isa = PBXBuildFile; fileRef = FA40529D2BC30914007140A8 /* elk.jpg */; };
		FA4052A02BC30C19007140A8 /* honk.mp3 in Resources */ = {isa = PBXBuildFile; fileRef = FA40529F2BC30C19007140A8 /* honk.mp3 */; };
		FA88720D2BD57B8A00D7AA60 /* Icon-87.png in Resources */ = {isa = PBXBuildFile; fileRef = FA8871EF2BD57B8800D7AA60 /* Icon-87.png */; };
		FA88720E2BD57B8A00D7AA60 /* Icon-512.png in Resources */ = {isa = PBXBuildFile; fileRef = FA8871F02BD57B8800D7AA60 /* Icon-512.png */; };
		FA88720F2BD57B8A00D7AA60 /* Icon-100.png in Resources */ = {isa = PBXBuildFile; fileRef = FA8871F12BD57B8800D7AA60 /* Icon-100.png */; };
		FA8872102BD57B8A00D7AA60 /* Icon-76.png in Resources */ = {isa = PBXBuildFile; fileRef = FA8871F22BD57B8800D7AA60 /* Icon-76.png */; };
		FA8872112BD57B8A00D7AA60 /* Icon-80.png in Resources */ = {isa = PBXBuildFile; fileRef = FA8871F32BD57B8800D7AA60 /* Icon-80.png */; };
		FA8872122BD57B8A00D7AA60 /* Icon-1024.png in Resources */ = {isa = PBXBuildFile; fileRef = FA8871F42BD57B8900D7AA60 /* Icon-1024.png */; };
		FA8872132BD57B8A00D7AA60 /* Icon-167.png in Resources */ = {isa = PBXBuildFile; fileRef = FA8871F52BD57B8900D7AA60 /* Icon-167.png */; };
		FA8872142BD57B8A00D7AA60 /* Icon-120.png in Resources */ = {isa = PBXBuildFile; fileRef = FA8871F62BD57B8900D7AA60 /* Icon-120.png */; };
		FA8872152BD57B8A00D7AA60 /* Icon-48.png in Resources */ = {isa = PBXBuildFile; fileRef = FA8871F72BD57B8900D7AA60 /* Icon-48.png */; };
		FA8872162BD57B8A00D7AA60 /* Icon-55.png in Resources */ = {isa = PBXBuildFile; fileRef = FA8871F82BD57B8900D7AA60 /* Icon-55.png */; };
		FA8872172BD57B8A00D7AA60 /* Icon-16.png in Resources */ = {isa = PBXBuildFile; fileRef = FA8871F92BD57B8900D7AA60 /* Icon-16.png */; };
		FA8872182BD57B8A00D7AA60 /* Icon-72.png in Resources */ = {isa = PBXBuildFile; fileRef = FA8871FA2BD57B8900D7AA60 /* Icon-72.png */; };
		FA8872192BD57B8A00D7AA60 /* Icon-114.png in Resources */ = {isa = PBXBuildFile; fileRef = FA8871FB2BD57B8900D7AA60 /* Icon-114.png */; };
		FA88721A2BD57B8A00D7AA60 /* Icon-20.png in Resources */ = {isa = PBXBuildFile; fileRef = FA8871FC2BD57B8900D7AA60 /* Icon-20.png */; };
		FA88721B2BD57B8A00D7AA60 /* Icon-58.png in Resources */ = {isa = PBXBuildFile; fileRef = FA8871FD2BD57B8900D7AA60 /* Icon-58.png */; };
		FA88721C2BD57B8A00D7AA60 /* Icon-88.png in Resources */ = {isa = PBXBuildFile; fileRef = FA8871FE2BD57B8900D7AA60 /* Icon-88.png */; };
		FA88721D2BD57B8A00D7AA60 /* Icon-180.png in Resources */ = {isa = PBXBuildFile; fileRef = FA8871FF2BD57B8900D7AA60 /* Icon-180.png */; };
		FA88721E2BD57B8A00D7AA60 /* Icon-256.png in Resources */ = {isa = PBXBuildFile; fileRef = FA8872002BD57B8900D7AA60 /* Icon-256.png */; };
		FA88721F2BD57B8A00D7AA60 /* Icon-64.png in Resources */ = {isa = PBXBuildFile; fileRef = FA8872012BD57B8900D7AA60 /* Icon-64.png */; };
		FA8872202BD57B8A00D7AA60 /* Icon-29.png in Resources */ = {isa = PBXBuildFile; fileRef = FA8872022BD57B8900D7AA60 /* Icon-29.png */; };
		FA8872212BD57B8A00D7AA60 /* Icon-144.png in Resources */ = {isa = PBXBuildFile; fileRef = FA8872032BD57B8A00D7AA60 /* Icon-144.png */; };
		FA8872222BD57B8A00D7AA60 /* Icon-57.png in Resources */ = {isa = PBXBuildFile; fileRef = FA8872042BD57B8A00D7AA60 /* Icon-57.png */; };
		FA8872232BD57B8A00D7AA60 /* Icon-152.png in Resources */ = {isa = PBXBuildFile; fileRef = FA8872052BD57B8A00D7AA60 /* Icon-152.png */; };
		FA8872242BD57B8A00D7AA60 /* Icon-196.png in Resources */ = {isa = PBXBuildFile; fileRef = FA8872062BD57B8A00D7AA60 /* Icon-196.png */; };
		FA8872252BD57B8A00D7AA60 /* Icon-172.png in Resources */ = {isa = PBXBuildFile; fileRef = FA8872072BD57B8A00D7AA60 /* Icon-172.png */; };
		FA8872262BD57B8A00D7AA60 /* Icon-40.png in Resources */ = {isa = PBXBuildFile; fileRef = FA8872082BD57B8A00D7AA60 /* Icon-40.png */; };
		FA8872272BD57B8A00D7AA60 /* Icon-60.png in Resources */ = {isa = PBXBuildFile; fileRef = FA8872092BD57B8A00D7AA60 /* Icon-60.png */; };
		FA8872282BD57B8A00D7AA60 /* Icon-50.png in Resources */ = {isa = PBXBuildFile; fileRef = FA88720A2BD57B8A00D7AA60 /* Icon-50.png */; };
		FA8872292BD57B8A00D7AA60 /* Icon-128.png in Resources */ = {isa = PBXBuildFile; fileRef = FA88720B2BD57B8A00D7AA60 /* Icon-128.png */; };
		FA88722A2BD57B8A00D7AA60 /* Icon-32.png in Resources */ = {isa = PBXBuildFile; fileRef = FA88720C2BD57B8A00D7AA60 /* Icon-32.png */; };
		FA88722C2BD57CD200D7AA60 /* AppIcon.appiconset in Resources */ = {isa = PBXBuildFile; fileRef = FA88722B2BD57CD100D7AA60 /* AppIcon.appiconset */; };
		FAA7E4D62BC35B6C009CBFC0 /* Greenroundbutton.png in Resources */ = {isa = PBXBuildFile; fileRef = FAA7E4D42BC35B6C009CBFC0 /* Greenroundbutton.png */; };
		FAA7E4D72BC35B6C009CBFC0 /* Redroundbutton.png in Resources */ = {isa = PBXBuildFile; fileRef = FAA7E4D52BC35B6C009CBFC0 /* Redroundbutton.png */; };
/* End PBXBuildFile section */

/* Begin PBXContainerItemProxy section */
		FA4052812BC30730007140A8 /* PBXContainerItemProxy */ = {
			isa = PBXContainerItemProxy;
			containerPortal = FA4052622BC3072F007140A8 /* Project object */;
			proxyType = 1;
			remoteGlobalIDString = FA4052692BC3072F007140A8;
			remoteInfo = GMonitor;
		};
		FA40528C2BC30730007140A8 /* PBXContainerItemProxy */ = {
			isa = PBXContainerItemProxy;
			containerPortal = FA4052622BC3072F007140A8 /* Project object */;
			proxyType = 1;
			remoteGlobalIDString = FA4052692BC3072F007140A8;
			remoteInfo = GMonitor;
		};
/* End PBXContainerItemProxy section */

/* Begin PBXFileReference section */
		FA40526A2BC3072F007140A8 /* GMonitor.app */ = {isa = PBXFileReference; explicitFileType = wrapper.application; includeInIndex = 0; path = GMonitor.app; sourceTree = BUILT_PRODUCTS_DIR; };
		FA40526D2BC3072F007140A8 /* AppDelegate.swift */ = {isa = PBXFileReference; lastKnownFileType = sourcecode.swift; path = AppDelegate.swift; sourceTree = "<group>"; };
		FA40526F2BC3072F007140A8 /* SceneDelegate.swift */ = {isa = PBXFileReference; lastKnownFileType = sourcecode.swift; path = SceneDelegate.swift; sourceTree = "<group>"; };
		FA4052712BC3072F007140A8 /* ViewController.swift */ = {isa = PBXFileReference; lastKnownFileType = sourcecode.swift; path = ViewController.swift; sourceTree = "<group>"; };
		FA4052742BC3072F007140A8 /* Base */ = {isa = PBXFileReference; lastKnownFileType = file.storyboard; name = Base; path = Base.lproj/Main.storyboard; sourceTree = "<group>"; };
		FA4052792BC30730007140A8 /* Base */ = {isa = PBXFileReference; lastKnownFileType = file.storyboard; name = Base; path = Base.lproj/LaunchScreen.storyboard; sourceTree = "<group>"; };
		FA40527B2BC30730007140A8 /* Info.plist */ = {isa = PBXFileReference; lastKnownFileType = text.plist.xml; path = Info.plist; sourceTree = "<group>"; };
		FA4052802BC30730007140A8 /* GMonitorTests.xctest */ = {isa = PBXFileReference; explicitFileType = wrapper.cfbundle; includeInIndex = 0; path = GMonitorTests.xctest; sourceTree = BUILT_PRODUCTS_DIR; };
		FA4052842BC30730007140A8 /* GMonitorTests.swift */ = {isa = PBXFileReference; lastKnownFileType = sourcecode.swift; path = GMonitorTests.swift; sourceTree = "<group>"; };
		FA4052862BC30730007140A8 /* Info.plist */ = {isa = PBXFileReference; lastKnownFileType = text.plist.xml; path = Info.plist; sourceTree = "<group>"; };
		FA40528B2BC30730007140A8 /* GMonitorUITests.xctest */ = {isa = PBXFileReference; explicitFileType = wrapper.cfbundle; includeInIndex = 0; path = GMonitorUITests.xctest; sourceTree = BUILT_PRODUCTS_DIR; };
		FA40528F2BC30730007140A8 /* GMonitorUITests.swift */ = {isa = PBXFileReference; lastKnownFileType = sourcecode.swift; path = GMonitorUITests.swift; sourceTree = "<group>"; };
		FA4052912BC30730007140A8 /* Info.plist */ = {isa = PBXFileReference; lastKnownFileType = text.plist.xml; path = Info.plist; sourceTree = "<group>"; };
		FA40529D2BC30914007140A8 /* elk.jpg */ = {isa = PBXFileReference; lastKnownFileType = image.jpeg; name = elk.jpg; path = ../../../../Downloads/elk.jpg; sourceTree = "<group>"; };
		FA40529F2BC30C19007140A8 /* honk.mp3 */ = {isa = PBXFileReference; lastKnownFileType = audio.mp3; name = honk.mp3; path = ../../../honk.mp3; sourceTree = "<group>"; };
		FA8871EF2BD57B8800D7AA60 /* Icon-87.png */ = {isa = PBXFileReference; lastKnownFileType = image.png; name = "Icon-87.png"; path = "../../../../Downloads/appiconmaker.co_ios/Icon-87.png"; sourceTree = "<group>"; };
		FA8871F02BD57B8800D7AA60 /* Icon-512.png */ = {isa = PBXFileReference; lastKnownFileType = image.png; name = "Icon-512.png"; path = "../../../../Downloads/appiconmaker.co_ios/Icon-512.png"; sourceTree = "<group>"; };
		FA8871F12BD57B8800D7AA60 /* Icon-100.png */ = {isa = PBXFileReference; lastKnownFileType = image.png; name = "Icon-100.png"; path = "../../../../Downloads/appiconmaker.co_ios/Icon-100.png"; sourceTree = "<group>"; };
		FA8871F22BD57B8800D7AA60 /* Icon-76.png */ = {isa = PBXFileReference; lastKnownFileType = image.png; name = "Icon-76.png"; path = "../../../../Downloads/appiconmaker.co_ios/Icon-76.png"; sourceTree = "<group>"; };
		FA8871F32BD57B8800D7AA60 /* Icon-80.png */ = {isa = PBXFileReference; lastKnownFileType = image.png; name = "Icon-80.png"; path = "../../../../Downloads/appiconmaker.co_ios/Icon-80.png"; sourceTree = "<group>"; };
		FA8871F42BD57B8900D7AA60 /* Icon-1024.png */ = {isa = PBXFileReference; lastKnownFileType = image.png; name = "Icon-1024.png"; path = "../../../../Downloads/appiconmaker.co_ios/Icon-1024.png"; sourceTree = "<group>"; };
		FA8871F52BD57B8900D7AA60 /* Icon-167.png */ = {isa = PBXFileReference; lastKnownFileType = image.png; name = "Icon-167.png"; path = "../../../../Downloads/appiconmaker.co_ios/Icon-167.png"; sourceTree = "<group>"; };
		FA8871F62BD57B8900D7AA60 /* Icon-120.png */ = {isa = PBXFileReference; lastKnownFileType = image.png; name = "Icon-120.png"; path = "../../../../Downloads/appiconmaker.co_ios/Icon-120.png"; sourceTree = "<group>"; };
		FA8871F72BD57B8900D7AA60 /* Icon-48.png */ = {isa = PBXFileReference; lastKnownFileType = image.png; name = "Icon-48.png"; path = "../../../../Downloads/appiconmaker.co_ios/Icon-48.png"; sourceTree = "<group>"; };
		FA8871F82BD57B8900D7AA60 /* Icon-55.png */ = {isa = PBXFileReference; lastKnownFileType = image.png; name = "Icon-55.png"; path = "../../../../Downloads/appiconmaker.co_ios/Icon-55.png"; sourceTree = "<group>"; };
		FA8871F92BD57B8900D7AA60 /* Icon-16.png */ = {isa = PBXFileReference; lastKnownFileType = image.png; name = "Icon-16.png"; path = "../../../../Downloads/appiconmaker.co_ios/Icon-16.png"; sourceTree = "<group>"; };
		FA8871FA2BD57B8900D7AA60 /* Icon-72.png */ = {isa = PBXFileReference; lastKnownFileType = image.png; name = "Icon-72.png"; path = "../../../../Downloads/appiconmaker.co_ios/Icon-72.png"; sourceTree = "<group>"; };
		FA8871FB2BD57B8900D7AA60 /* Icon-114.png */ = {isa = PBXFileReference; lastKnownFileType = image.png; name = "Icon-114.png"; path = "../../../../Downloads/appiconmaker.co_ios/Icon-114.png"; sourceTree = "<group>"; };
		FA8871FC2BD57B8900D7AA60 /* Icon-20.png */ = {isa = PBXFileReference; lastKnownFileType = image.png; name = "Icon-20.png"; path = "../../../../Downloads/appiconmaker.co_ios/Icon-20.png"; sourceTree = "<group>"; };
		FA8871FD2BD57B8900D7AA60 /* Icon-58.png */ = {isa = PBXFileReference; lastKnownFileType = image.png; name = "Icon-58.png"; path = "../../../../Downloads/appiconmaker.co_ios/Icon-58.png"; sourceTree = "<group>"; };
		FA8871FE2BD57B8900D7AA60 /* Icon-88.png */ = {isa = PBXFileReference; lastKnownFileType = image.png; name = "Icon-88.png"; path = "../../../../Downloads/appiconmaker.co_ios/Icon-88.png"; sourceTree = "<group>"; };
		FA8871FF2BD57B8900D7AA60 /* Icon-180.png */ = {isa = PBXFileReference; lastKnownFileType = image.png; name = "Icon-180.png"; path = "../../../../Downloads/appiconmaker.co_ios/Icon-180.png"; sourceTree = "<group>"; };
		FA8872002BD57B8900D7AA60 /* Icon-256.png */ = {isa = PBXFileReference; lastKnownFileType = image.png; name = "Icon-256.png"; path = "../../../../Downloads/appiconmaker.co_ios/Icon-256.png"; sourceTree = "<group>"; };
		FA8872012BD57B8900D7AA60 /* Icon-64.png */ = {isa = PBXFileReference; lastKnownFileType = image.png; name = "Icon-64.png"; path = "../../../../Downloads/appiconmaker.co_ios/Icon-64.png"; sourceTree = "<group>"; };
		FA8872022BD57B8900D7AA60 /* Icon-29.png */ = {isa = PBXFileReference; lastKnownFileType = image.png; name = "Icon-29.png"; path = "../../../../Downloads/appiconmaker.co_ios/Icon-29.png"; sourceTree = "<group>"; };
		FA8872032BD57B8A00D7AA60 /* Icon-144.png */ = {isa = PBXFileReference; lastKnownFileType = image.png; name = "Icon-144.png"; path = "../../../../Downloads/appiconmaker.co_ios/Icon-144.png"; sourceTree = "<group>"; };
		FA8872042BD57B8A00D7AA60 /* Icon-57.png */ = {isa = PBXFileReference; lastKnownFileType = image.png; name = "Icon-57.png"; path = "../../../../Downloads/appiconmaker.co_ios/Icon-57.png"; sourceTree = "<group>"; };
		FA8872052BD57B8A00D7AA60 /* Icon-152.png */ = {isa = PBXFileReference; lastKnownFileType = image.png; name = "Icon-152.png"; path = "../../../../Downloads/appiconmaker.co_ios/Icon-152.png"; sourceTree = "<group>"; };
		FA8872062BD57B8A00D7AA60 /* Icon-196.png */ = {isa = PBXFileReference; lastKnownFileType = image.png; name = "Icon-196.png"; path = "../../../../Downloads/appiconmaker.co_ios/Icon-196.png"; sourceTree = "<group>"; };
		FA8872072BD57B8A00D7AA60 /* Icon-172.png */ = {isa = PBXFileReference; lastKnownFileType = image.png; name = "Icon-172.png"; path = "../../../../Downloads/appiconmaker.co_ios/Icon-172.png"; sourceTree = "<group>"; };
		FA8872082BD57B8A00D7AA60 /* Icon-40.png */ = {isa = PBXFileReference; lastKnownFileType = image.png; name = "Icon-40.png"; path = "../../../../Downloads/appiconmaker.co_ios/Icon-40.png"; sourceTree = "<group>"; };
		FA8872092BD57B8A00D7AA60 /* Icon-60.png */ = {isa = PBXFileReference; lastKnownFileType = image.png; name = "Icon-60.png"; path = "../../../../Downloads/appiconmaker.co_ios/Icon-60.png"; sourceTree = "<group>"; };
		FA88720A2BD57B8A00D7AA60 /* Icon-50.png */ = {isa = PBXFileReference; lastKnownFileType = image.png; name = "Icon-50.png"; path = "../../../../Downloads/appiconmaker.co_ios/Icon-50.png"; sourceTree = "<group>"; };
		FA88720B2BD57B8A00D7AA60 /* Icon-128.png */ = {isa = PBXFileReference; lastKnownFileType = image.png; name = "Icon-128.png"; path = "../../../../Downloads/appiconmaker.co_ios/Icon-128.png"; sourceTree = "<group>"; };
		FA88720C2BD57B8A00D7AA60 /* Icon-32.png */ = {isa = PBXFileReference; lastKnownFileType = image.png; name = "Icon-32.png"; path = "../../../../Downloads/appiconmaker.co_ios/Icon-32.png"; sourceTree = "<group>"; };
		FA88722B2BD57CD100D7AA60 /* AppIcon.appiconset */ = {isa = PBXFileReference; lastKnownFileType = folder; name = AppIcon.appiconset; path = Assets.xcassets/AppIcon.appiconset; sourceTree = "<group>"; };
		FAA7E4D42BC35B6C009CBFC0 /* Greenroundbutton.png */ = {isa = PBXFileReference; lastKnownFileType = image.png; name = Greenroundbutton.png; path = "../../../Xcode Projects/button designs/Greenroundbutton.png"; sourceTree = "<group>"; };
		FAA7E4D52BC35B6C009CBFC0 /* Redroundbutton.png */ = {isa = PBXFileReference; lastKnownFileType = image.png; name = Redroundbutton.png; path = "../../../Xcode Projects/button designs/Redroundbutton.png"; sourceTree = "<group>"; };
/* End PBXFileReference section */

/* Begin PBXFrameworksBuildPhase section */
		FA4052672BC3072F007140A8 /* Frameworks */ = {
			isa = PBXFrameworksBuildPhase;
			buildActionMask = 2147483647;
			files = (
			);
			runOnlyForDeploymentPostprocessing = 0;
		};
		FA40527D2BC30730007140A8 /* Frameworks */ = {
			isa = PBXFrameworksBuildPhase;
			buildActionMask = 2147483647;
			files = (
			);
			runOnlyForDeploymentPostprocessing = 0;
		};
		FA4052882BC30730007140A8 /* Frameworks */ = {
			isa = PBXFrameworksBuildPhase;
			buildActionMask = 2147483647;
			files = (
			);
			runOnlyForDeploymentPostprocessing = 0;
		};
/* End PBXFrameworksBuildPhase section */

/* Begin PBXGroup section */
		FA4052612BC3072F007140A8 = {
			isa = PBXGroup;
			children = (
				FA40526C2BC3072F007140A8 /* GMonitor */,
				FA4052832BC30730007140A8 /* GMonitorTests */,
				FA40528E2BC30730007140A8 /* GMonitorUITests */,
				FA40526B2BC3072F007140A8 /* Products */,
			);
			sourceTree = "<group>";
		};
		FA40526B2BC3072F007140A8 /* Products */ = {
			isa = PBXGroup;
			children = (
				FA40526A2BC3072F007140A8 /* GMonitor.app */,
				FA4052802BC30730007140A8 /* GMonitorTests.xctest */,
				FA40528B2BC30730007140A8 /* GMonitorUITests.xctest */,
			);
			name = Products;
			sourceTree = "<group>";
		};
		FA40526C2BC3072F007140A8 /* GMonitor */ = {
			isa = PBXGroup;
			children = (
				FA40526D2BC3072F007140A8 /* AppDelegate.swift */,
				FA40526F2BC3072F007140A8 /* SceneDelegate.swift */,
				FA4052712BC3072F007140A8 /* ViewController.swift */,
				FA4052732BC3072F007140A8 /* Main.storyboard */,
				FA88722B2BD57CD100D7AA60 /* AppIcon.appiconset */,
				FA8871F92BD57B8900D7AA60 /* Icon-16.png */,
				FA8871FC2BD57B8900D7AA60 /* Icon-20.png */,
				FA8872022BD57B8900D7AA60 /* Icon-29.png */,
				FA88720C2BD57B8A00D7AA60 /* Icon-32.png */,
				FA8872082BD57B8A00D7AA60 /* Icon-40.png */,
				FA8871F72BD57B8900D7AA60 /* Icon-48.png */,
				FA88720A2BD57B8A00D7AA60 /* Icon-50.png */,
				FA8871F82BD57B8900D7AA60 /* Icon-55.png */,
				FA8872042BD57B8A00D7AA60 /* Icon-57.png */,
				FA8871FD2BD57B8900D7AA60 /* Icon-58.png */,
				FA8872092BD57B8A00D7AA60 /* Icon-60.png */,
				FA8872012BD57B8900D7AA60 /* Icon-64.png */,
				FA8871FA2BD57B8900D7AA60 /* Icon-72.png */,
				FA8871F22BD57B8800D7AA60 /* Icon-76.png */,
				FA8871F32BD57B8800D7AA60 /* Icon-80.png */,
				FA8871EF2BD57B8800D7AA60 /* Icon-87.png */,
				FA8871FE2BD57B8900D7AA60 /* Icon-88.png */,
				FA8871F12BD57B8800D7AA60 /* Icon-100.png */,
				FA8871FB2BD57B8900D7AA60 /* Icon-114.png */,
				FA8871F62BD57B8900D7AA60 /* Icon-120.png */,
				FA88720B2BD57B8A00D7AA60 /* Icon-128.png */,
				FA8872032BD57B8A00D7AA60 /* Icon-144.png */,
				FA8872052BD57B8A00D7AA60 /* Icon-152.png */,
				FA8871F52BD57B8900D7AA60 /* Icon-167.png */,
				FA8872072BD57B8A00D7AA60 /* Icon-172.png */,
				FA8871FF2BD57B8900D7AA60 /* Icon-180.png */,
				FA8872062BD57B8A00D7AA60 /* Icon-196.png */,
				FA8872002BD57B8900D7AA60 /* Icon-256.png */,
				FA8871F02BD57B8800D7AA60 /* Icon-512.png */,
				FA8871F42BD57B8900D7AA60 /* Icon-1024.png */,
				FA40529F2BC30C19007140A8 /* honk.mp3 */,
				FA40529D2BC30914007140A8 /* elk.jpg */,
				FAA7E4D42BC35B6C009CBFC0 /* Greenroundbutton.png */,
				FAA7E4D52BC35B6C009CBFC0 /* Redroundbutton.png */,
				FA4052782BC30730007140A8 /* LaunchScreen.storyboard */,
				FA40527B2BC30730007140A8 /* Info.plist */,
			);
			path = GMonitor;
			sourceTree = "<group>";
		};
		FA4052832BC30730007140A8 /* GMonitorTests */ = {
			isa = PBXGroup;
			children = (
				FA4052842BC30730007140A8 /* GMonitorTests.swift */,
				FA4052862BC30730007140A8 /* Info.plist */,
			);
			path = GMonitorTests;
			sourceTree = "<group>";
		};
		FA40528E2BC30730007140A8 /* GMonitorUITests */ = {
			isa = PBXGroup;
			children = (
				FA40528F2BC30730007140A8 /* GMonitorUITests.swift */,
				FA4052912BC30730007140A8 /* Info.plist */,
			);
			path = GMonitorUITests;
			sourceTree = "<group>";
		};
/* End PBXGroup section */

/* Begin PBXNativeTarget section */
		FA4052692BC3072F007140A8 /* GMonitor */ = {
			isa = PBXNativeTarget;
			buildConfigurationList = FA4052942BC30730007140A8 /* Build configuration list for PBXNativeTarget "GMonitor" */;
			buildPhases = (
				FA4052662BC3072F007140A8 /* Sources */,
				FA4052672BC3072F007140A8 /* Frameworks */,
				FA4052682BC3072F007140A8 /* Resources */,
			);
			buildRules = (
			);
			dependencies = (
			);
			name = GMonitor;
			productName = GMonitor;
			productReference = FA40526A2BC3072F007140A8 /* GMonitor.app */;
			productType = "com.apple.product-type.application";
		};
		FA40527F2BC30730007140A8 /* GMonitorTests */ = {
			isa = PBXNativeTarget;
			buildConfigurationList = FA4052972BC30730007140A8 /* Build configuration list for PBXNativeTarget "GMonitorTests" */;
			buildPhases = (
				FA40527C2BC30730007140A8 /* Sources */,
				FA40527D2BC30730007140A8 /* Frameworks */,
				FA40527E2BC30730007140A8 /* Resources */,
			);
			buildRules = (
			);
			dependencies = (
				FA4052822BC30730007140A8 /* PBXTargetDependency */,
			);
			name = GMonitorTests;
			productName = GMonitorTests;
			productReference = FA4052802BC30730007140A8 /* GMonitorTests.xctest */;
			productType = "com.apple.product-type.bundle.unit-test";
		};
		FA40528A2BC30730007140A8 /* GMonitorUITests */ = {
			isa = PBXNativeTarget;
			buildConfigurationList = FA40529A2BC30730007140A8 /* Build configuration list for PBXNativeTarget "GMonitorUITests" */;
			buildPhases = (
				FA4052872BC30730007140A8 /* Sources */,
				FA4052882BC30730007140A8 /* Frameworks */,
				FA4052892BC30730007140A8 /* Resources */,
			);
			buildRules = (
			);
			dependencies = (
				FA40528D2BC30730007140A8 /* PBXTargetDependency */,
			);
			name = GMonitorUITests;
			productName = GMonitorUITests;
			productReference = FA40528B2BC30730007140A8 /* GMonitorUITests.xctest */;
			productType = "com.apple.product-type.bundle.ui-testing";
		};
/* End PBXNativeTarget section */

/* Begin PBXProject section */
		FA4052622BC3072F007140A8 /* Project object */ = {
			isa = PBXProject;
			attributes = {
				LastSwiftUpdateCheck = 1130;
				LastUpgradeCheck = 1130;
				ORGANIZATIONNAME = Theefamily;
				TargetAttributes = {
					FA4052692BC3072F007140A8 = {
						CreatedOnToolsVersion = 11.3;
					};
					FA40527F2BC30730007140A8 = {
						CreatedOnToolsVersion = 11.3;
						TestTargetID = FA4052692BC3072F007140A8;
					};
					FA40528A2BC30730007140A8 = {
						CreatedOnToolsVersion = 11.3;
						TestTargetID = FA4052692BC3072F007140A8;
					};
				};
			};
			buildConfigurationList = FA4052652BC3072F007140A8 /* Build configuration list for PBXProject "GMonitor" */;
			compatibilityVersion = "Xcode 9.3";
			developmentRegion = en;
			hasScannedForEncodings = 0;
			knownRegions = (
				en,
				Base,
			);
			mainGroup = FA4052612BC3072F007140A8;
			productRefGroup = FA40526B2BC3072F007140A8 /* Products */;
			projectDirPath = "";
			projectRoot = "";
			targets = (
				FA4052692BC3072F007140A8 /* GMonitor */,
				FA40527F2BC30730007140A8 /* GMonitorTests */,
				FA40528A2BC30730007140A8 /* GMonitorUITests */,
			);
		};
/* End PBXProject section */

/* Begin PBXResourcesBuildPhase section */
		FA4052682BC3072F007140A8 /* Resources */ = {
			isa = PBXResourcesBuildPhase;
			buildActionMask = 2147483647;
			files = (
				FA8872152BD57B8A00D7AA60 /* Icon-48.png in Resources */,
				FA40527A2BC30730007140A8 /* LaunchScreen.storyboard in Resources */,
				FA4052A02BC30C19007140A8 /* honk.mp3 in Resources */,
				FA8872192BD57B8A00D7AA60 /* Icon-114.png in Resources */,
				FAA7E4D62BC35B6C009CBFC0 /* Greenroundbutton.png in Resources */,
				FA88720D2BD57B8A00D7AA60 /* Icon-87.png in Resources */,
				FA88721B2BD57B8A00D7AA60 /* Icon-58.png in Resources */,
				FA88722A2BD57B8A00D7AA60 /* Icon-32.png in Resources */,
				FA8872162BD57B8A00D7AA60 /* Icon-55.png in Resources */,
				FA88721A2BD57B8A00D7AA60 /* Icon-20.png in Resources */,
				FAA7E4D72BC35B6C009CBFC0 /* Redroundbutton.png in Resources */,
				FA8872202BD57B8A00D7AA60 /* Icon-29.png in Resources */,
				FA8872102BD57B8A00D7AA60 /* Icon-76.png in Resources */,
				FA8872232BD57B8A00D7AA60 /* Icon-152.png in Resources */,
				FA88721F2BD57B8A00D7AA60 /* Icon-64.png in Resources */,
				FA8872252BD57B8A00D7AA60 /* Icon-172.png in Resources */,
				FA8872292BD57B8A00D7AA60 /* Icon-128.png in Resources */,
				FA8872272BD57B8A00D7AA60 /* Icon-60.png in Resources */,
				FA8872212BD57B8A00D7AA60 /* Icon-144.png in Resources */,
				FA40529E2BC30914007140A8 /* elk.jpg in Resources */,
				FA88721E2BD57B8A00D7AA60 /* Icon-256.png in Resources */,
				FA8872112BD57B8A00D7AA60 /* Icon-80.png in Resources */,
				FA8872262BD57B8A00D7AA60 /* Icon-40.png in Resources */,
				FA8872122BD57B8A00D7AA60 /* Icon-1024.png in Resources */,
				FA8872182BD57B8A00D7AA60 /* Icon-72.png in Resources */,
				FA88720E2BD57B8A00D7AA60 /* Icon-512.png in Resources */,
				FA88721C2BD57B8A00D7AA60 /* Icon-88.png in Resources */,
				FA88722C2BD57CD200D7AA60 /* AppIcon.appiconset in Resources */,
				FA8872132BD57B8A00D7AA60 /* Icon-167.png in Resources */,
				FA88720F2BD57B8A00D7AA60 /* Icon-100.png in Resources */,
				FA8872142BD57B8A00D7AA60 /* Icon-120.png in Resources */,
				FA4052752BC3072F007140A8 /* Main.storyboard in Resources */,
				FA88721D2BD57B8A00D7AA60 /* Icon-180.png in Resources */,
				FA8872172BD57B8A00D7AA60 /* Icon-16.png in Resources */,
				FA8872282BD57B8A00D7AA60 /* Icon-50.png in Resources */,
				FA8872242BD57B8A00D7AA60 /* Icon-196.png in Resources */,
				FA8872222BD57B8A00D7AA60 /* Icon-57.png in Resources */,
			);
			runOnlyForDeploymentPostprocessing = 0;
		};
		FA40527E2BC30730007140A8 /* Resources */ = {
			isa = PBXResourcesBuildPhase;
			buildActionMask = 2147483647;
			files = (
			);
			runOnlyForDeploymentPostprocessing = 0;
		};
		FA4052892BC30730007140A8 /* Resources */ = {
			isa = PBXResourcesBuildPhase;
			buildActionMask = 2147483647;
			files = (
			);
			runOnlyForDeploymentPostprocessing = 0;
		};
/* End PBXResourcesBuildPhase section */

/* Begin PBXSourcesBuildPhase section */
		FA4052662BC3072F007140A8 /* Sources */ = {
			isa = PBXSourcesBuildPhase;
			buildActionMask = 2147483647;
			files = (
				FA4052722BC3072F007140A8 /* ViewController.swift in Sources */,
				FA40526E2BC3072F007140A8 /* AppDelegate.swift in Sources */,
				FA4052702BC3072F007140A8 /* SceneDelegate.swift in Sources */,
			);
			runOnlyForDeploymentPostprocessing = 0;
		};
		FA40527C2BC30730007140A8 /* Sources */ = {
			isa = PBXSourcesBuildPhase;
			buildActionMask = 2147483647;
			files = (
				FA4052852BC30730007140A8 /* GMonitorTests.swift in Sources */,
			);
			runOnlyForDeploymentPostprocessing = 0;
		};
		FA4052872BC30730007140A8 /* Sources */ = {
			isa = PBXSourcesBuildPhase;
			buildActionMask = 2147483647;
			files = (
				FA4052902BC30730007140A8 /* GMonitorUITests.swift in Sources */,
			);
			runOnlyForDeploymentPostprocessing = 0;
		};
/* End PBXSourcesBuildPhase section */

/* Begin PBXTargetDependency section */
		FA4052822BC30730007140A8 /* PBXTargetDependency */ = {
			isa = PBXTargetDependency;
			target = FA4052692BC3072F007140A8 /* GMonitor */;
			targetProxy = FA4052812BC30730007140A8 /* PBXContainerItemProxy */;
		};
		FA40528D2BC30730007140A8 /* PBXTargetDependency */ = {
			isa = PBXTargetDependency;
			target = FA4052692BC3072F007140A8 /* GMonitor */;
			targetProxy = FA40528C2BC30730007140A8 /* PBXContainerItemProxy */;
		};
/* End PBXTargetDependency section */

/* Begin PBXVariantGroup section */
		FA4052732BC3072F007140A8 /* Main.storyboard */ = {
			isa = PBXVariantGroup;
			children = (
				FA4052742BC3072F007140A8 /* Base */,
			);
			name = Main.storyboard;
			sourceTree = "<group>";
		};
		FA4052782BC30730007140A8 /* LaunchScreen.storyboard */ = {
			isa = PBXVariantGroup;
			children = (
				FA4052792BC30730007140A8 /* Base */,
			);
			name = LaunchScreen.storyboard;
			sourceTree = "<group>";
		};
/* End PBXVariantGroup section */

/* Begin XCBuildConfiguration section */
		FA4052922BC30730007140A8 /* Debug */ = {
			isa = XCBuildConfiguration;
			buildSettings = {
				ALWAYS_SEARCH_USER_PATHS = NO;
				CLANG_ANALYZER_NONNULL = YES;
				CLANG_ANALYZER_NUMBER_OBJECT_CONVERSION = YES_AGGRESSIVE;
				CLANG_CXX_LANGUAGE_STANDARD = "gnu++14";
				CLANG_CXX_LIBRARY = "libc++";
				CLANG_ENABLE_MODULES = YES;
				CLANG_ENABLE_OBJC_ARC = YES;
				CLANG_ENABLE_OBJC_WEAK = YES;
				CLANG_WARN_BLOCK_CAPTURE_AUTORELEASING = YES;
				CLANG_WARN_BOOL_CONVERSION = YES;
				CLANG_WARN_COMMA = YES;
				CLANG_WARN_CONSTANT_CONVERSION = YES;
				CLANG_WARN_DEPRECATED_OBJC_IMPLEMENTATIONS = YES;
				CLANG_WARN_DIRECT_OBJC_ISA_USAGE = YES_ERROR;
				CLANG_WARN_DOCUMENTATION_COMMENTS = YES;
				CLANG_WARN_EMPTY_BODY = YES;
				CLANG_WARN_ENUM_CONVERSION = YES;
				CLANG_WARN_INFINITE_RECURSION = YES;
				CLANG_WARN_INT_CONVERSION = YES;
				CLANG_WARN_NON_LITERAL_NULL_CONVERSION = YES;
				CLANG_WARN_OBJC_IMPLICIT_RETAIN_SELF = YES;
				CLANG_WARN_OBJC_LITERAL_CONVERSION = YES;
				CLANG_WARN_OBJC_ROOT_CLASS = YES_ERROR;
				CLANG_WARN_RANGE_LOOP_ANALYSIS = YES;
				CLANG_WARN_STRICT_PROTOTYPES = YES;
				CLANG_WARN_SUSPICIOUS_MOVE = YES;
				CLANG_WARN_UNGUARDED_AVAILABILITY = YES_AGGRESSIVE;
				CLANG_WARN_UNREACHABLE_CODE = YES;
				CLANG_WARN__DUPLICATE_METHOD_MATCH = YES;
				COPY_PHASE_STRIP = NO;
				DEBUG_INFORMATION_FORMAT = dwarf;
				ENABLE_STRICT_OBJC_MSGSEND = YES;
				ENABLE_TESTABILITY = YES;
				GCC_C_LANGUAGE_STANDARD = gnu11;
				GCC_DYNAMIC_NO_PIC = NO;
				GCC_NO_COMMON_BLOCKS = YES;
				GCC_OPTIMIZATION_LEVEL = 0;
				GCC_PREPROCESSOR_DEFINITIONS = (
					"DEBUG=1",
					"$(inherited)",
				);
				GCC_WARN_64_TO_32_BIT_CONVERSION = YES;
				GCC_WARN_ABOUT_RETURN_TYPE = YES_ERROR;
				GCC_WARN_UNDECLARED_SELECTOR = YES;
				GCC_WARN_UNINITIALIZED_AUTOS = YES_AGGRESSIVE;
				GCC_WARN_UNUSED_FUNCTION = YES;
				GCC_WARN_UNUSED_VARIABLE = YES;
				IPHONEOS_DEPLOYMENT_TARGET = 13.2;
				MTL_ENABLE_DEBUG_INFO = INCLUDE_SOURCE;
				MTL_FAST_MATH = YES;
				ONLY_ACTIVE_ARCH = YES;
				SDKROOT = iphoneos;
				SWIFT_ACTIVE_COMPILATION_CONDITIONS = DEBUG;
				SWIFT_OPTIMIZATION_LEVEL = "-Onone";
			};
			name = Debug;
		};
		FA4052932BC30730007140A8 /* Release */ = {
			isa = XCBuildConfiguration;
			buildSettings = {
				ALWAYS_SEARCH_USER_PATHS = NO;
				CLANG_ANALYZER_NONNULL = YES;
				CLANG_ANALYZER_NUMBER_OBJECT_CONVERSION = YES_AGGRESSIVE;
				CLANG_CXX_LANGUAGE_STANDARD = "gnu++14";
				CLANG_CXX_LIBRARY = "libc++";
				CLANG_ENABLE_MODULES = YES;
				CLANG_ENABLE_OBJC_ARC = YES;
				CLANG_ENABLE_OBJC_WEAK = YES;
				CLANG_WARN_BLOCK_CAPTURE_AUTORELEASING = YES;
				CLANG_WARN_BOOL_CONVERSION = YES;
				CLANG_WARN_COMMA = YES;
				CLANG_WARN_CONSTANT_CONVERSION = YES;
				CLANG_WARN_DEPRECATED_OBJC_IMPLEMENTATIONS = YES;
				CLANG_WARN_DIRECT_OBJC_ISA_USAGE = YES_ERROR;
				CLANG_WARN_DOCUMENTATION_COMMENTS = YES;
				CLANG_WARN_EMPTY_BODY = YES;
				CLANG_WARN_ENUM_CONVERSION = YES;
				CLANG_WARN_INFINITE_RECURSION = YES;
				CLANG_WARN_INT_CONVERSION = YES;
				CLANG_WARN_NON_LITERAL_NULL_CONVERSION = YES;
				CLANG_WARN_OBJC_IMPLICIT_RETAIN_SELF = YES;
				CLANG_WARN_OBJC_LITERAL_CONVERSION = YES;
				CLANG_WARN_OBJC_ROOT_CLASS = YES_ERROR;
				CLANG_WARN_RANGE_LOOP_ANALYSIS = YES;
				CLANG_WARN_STRICT_PROTOTYPES = YES;
				CLANG_WARN_SUSPICIOUS_MOVE = YES;
				CLANG_WARN_UNGUARDED_AVAILABILITY = YES_AGGRESSIVE;
				CLANG_WARN_UNREACHABLE_CODE = YES;
				CLANG_WARN__DUPLICATE_METHOD_MATCH = YES;
				COPY_PHASE_STRIP = NO;
				DEBUG_INFORMATION_FORMAT = "dwarf-with-dsym";
				ENABLE_NS_ASSERTIONS = NO;
				ENABLE_STRICT_OBJC_MSGSEND = YES;
				GCC_C_LANGUAGE_STANDARD = gnu11;
				GCC_NO_COMMON_BLOCKS = YES;
				GCC_WARN_64_TO_32_BIT_CONVERSION = YES;
				GCC_WARN_ABOUT_RETURN_TYPE = YES_ERROR;
				GCC_WARN_UNDECLARED_SELECTOR = YES;
				GCC_WARN_UNINITIALIZED_AUTOS = YES_AGGRESSIVE;
				GCC_WARN_UNUSED_FUNCTION = YES;
				GCC_WARN_UNUSED_VARIABLE = YES;
				IPHONEOS_DEPLOYMENT_TARGET = 13.2;
				MTL_ENABLE_DEBUG_INFO = NO;
				MTL_FAST_MATH = YES;
				SDKROOT = iphoneos;
				SWIFT_COMPILATION_MODE = wholemodule;
				SWIFT_OPTIMIZATION_LEVEL = "-O";
				VALIDATE_PRODUCT = YES;
			};
			name = Release;
		};
		FA4052952BC30730007140A8 /* Debug */ = {
			isa = XCBuildConfiguration;
			buildSettings = {
				ASSETCATALOG_COMPILER_APPICON_NAME = AppIcon;
				CODE_SIGN_IDENTITY = "Apple Development";
				CODE_SIGN_STYLE = Automatic;
				DEVELOPMENT_TEAM = N5PKC7Z52V;
				INFOPLIST_FILE = GMonitor/Info.plist;
				LD_RUNPATH_SEARCH_PATHS = (
					"$(inherited)",
					"@executable_path/Frameworks",
				);
				PRODUCT_BUNDLE_IDENTIFIER = Theefamily.com.GMonitor;
				PRODUCT_NAME = "$(TARGET_NAME)";
				PROVISIONING_PROFILE_SPECIFIER = "";
				SWIFT_VERSION = 5.0;
				TARGETED_DEVICE_FAMILY = "1,2";
			};
			name = Debug;
		};
		FA4052962BC30730007140A8 /* Release */ = {
			isa = XCBuildConfiguration;
			buildSettings = {
				ASSETCATALOG_COMPILER_APPICON_NAME = AppIcon;
				CODE_SIGN_IDENTITY = "Apple Development";
				CODE_SIGN_STYLE = Automatic;
				DEVELOPMENT_TEAM = N5PKC7Z52V;
				INFOPLIST_FILE = GMonitor/Info.plist;
				LD_RUNPATH_SEARCH_PATHS = (
					"$(inherited)",
					"@executable_path/Frameworks",
				);
				PRODUCT_BUNDLE_IDENTIFIER = Theefamily.com.GMonitor;
				PRODUCT_NAME = "$(TARGET_NAME)";
				PROVISIONING_PROFILE_SPECIFIER = "";
				SWIFT_VERSION = 5.0;
				TARGETED_DEVICE_FAMILY = "1,2";
			};
			name = Release;
		};
		FA4052982BC30730007140A8 /* Debug */ = {
			isa = XCBuildConfiguration;
			buildSettings = {
				ALWAYS_EMBED_SWIFT_STANDARD_LIBRARIES = YES;
				BUNDLE_LOADER = "$(TEST_HOST)";
				CODE_SIGN_STYLE = Automatic;
				DEVELOPMENT_TEAM = N5PKC7Z52V;
				INFOPLIST_FILE = GMonitorTests/Info.plist;
				IPHONEOS_DEPLOYMENT_TARGET = 13.2;
				LD_RUNPATH_SEARCH_PATHS = (
					"$(inherited)",
					"@executable_path/Frameworks",
					"@loader_path/Frameworks",
				);
				PRODUCT_BUNDLE_IDENTIFIER = Theefamily.com.GMonitorTests;
				PRODUCT_NAME = "$(TARGET_NAME)";
				SWIFT_VERSION = 5.0;
				TARGETED_DEVICE_FAMILY = "1,2";
				TEST_HOST = "$(BUILT_PRODUCTS_DIR)/GMonitor.app/GMonitor";
			};
			name = Debug;
		};
		FA4052992BC30730007140A8 /* Release */ = {
			isa = XCBuildConfiguration;
			buildSettings = {
				ALWAYS_EMBED_SWIFT_STANDARD_LIBRARIES = YES;
				BUNDLE_LOADER = "$(TEST_HOST)";
				CODE_SIGN_STYLE = Automatic;
				DEVELOPMENT_TEAM = N5PKC7Z52V;
				INFOPLIST_FILE = GMonitorTests/Info.plist;
				IPHONEOS_DEPLOYMENT_TARGET = 13.2;
				LD_RUNPATH_SEARCH_PATHS = (
					"$(inherited)",
					"@executable_path/Frameworks",
					"@loader_path/Frameworks",
				);
				PRODUCT_BUNDLE_IDENTIFIER = Theefamily.com.GMonitorTests;
				PRODUCT_NAME = "$(TARGET_NAME)";
				SWIFT_VERSION = 5.0;
				TARGETED_DEVICE_FAMILY = "1,2";
				TEST_HOST = "$(BUILT_PRODUCTS_DIR)/GMonitor.app/GMonitor";
			};
			name = Release;
		};
		FA40529B2BC30730007140A8 /* Debug */ = {
			isa = XCBuildConfiguration;
			buildSettings = {
				ALWAYS_EMBED_SWIFT_STANDARD_LIBRARIES = YES;
				"CODE_SIGN_IDENTITY[sdk=macosx*]" = "-";
				CODE_SIGN_STYLE = Automatic;
				DEVELOPMENT_TEAM = N5PKC7Z52V;
				INFOPLIST_FILE = GMonitorUITests/Info.plist;
				LD_RUNPATH_SEARCH_PATHS = (
					"$(inherited)",
					"@executable_path/Frameworks",
					"@loader_path/Frameworks",
				);
				PRODUCT_BUNDLE_IDENTIFIER = Theefamily.com.GMonitorUITests;
				PRODUCT_NAME = "$(TARGET_NAME)";
				SWIFT_VERSION = 5.0;
				TARGETED_DEVICE_FAMILY = "1,2";
				TEST_TARGET_NAME = GMonitor;
			};
			name = Debug;
		};
		FA40529C2BC30730007140A8 /* Release */ = {
			isa = XCBuildConfiguration;
			buildSettings = {
				ALWAYS_EMBED_SWIFT_STANDARD_LIBRARIES = YES;
				"CODE_SIGN_IDENTITY[sdk=macosx*]" = "-";
				CODE_SIGN_STYLE = Automatic;
				DEVELOPMENT_TEAM = N5PKC7Z52V;
				INFOPLIST_FILE = GMonitorUITests/Info.plist;
				LD_RUNPATH_SEARCH_PATHS = (
					"$(inherited)",
					"@executable_path/Frameworks",
					"@loader_path/Frameworks",
				);
				PRODUCT_BUNDLE_IDENTIFIER = Theefamily.com.GMonitorUITests;
				PRODUCT_NAME = "$(TARGET_NAME)";
				SWIFT_VERSION = 5.0;
				TARGETED_DEVICE_FAMILY = "1,2";
				TEST_TARGET_NAME = GMonitor;
			};
			name = Release;
		};
/* End XCBuildConfiguration section */

/* Begin XCConfigurationList section */
		FA4052652BC3072F007140A8 /* Build configuration list for PBXProject "GMonitor" */ = {
			isa = XCConfigurationList;
			buildConfigurations = (
				FA4052922BC30730007140A8 /* Debug */,
				FA4052932BC30730007140A8 /* Release */,
			);
			defaultConfigurationIsVisible = 0;
			defaultConfigurationName = Release;
		};
		FA4052942BC30730007140A8 /* Build configuration list for PBXNativeTarget "GMonitor" */ = {
			isa = XCConfigurationList;
			buildConfigurations = (
				FA4052952BC30730007140A8 /* Debug */,
				FA4052962BC30730007140A8 /* Release */,
			);
			defaultConfigurationIsVisible = 0;
			defaultConfigurationName = Release;
		};
		FA4052972BC30730007140A8 /* Build configuration list for PBXNativeTarget "GMonitorTests" */ = {
			isa = XCConfigurationList;
			buildConfigurations = (
				FA4052982BC30730007140A8 /* Debug */,
				FA4052992BC30730007140A8 /* Release */,
			);
			defaultConfigurationIsVisible = 0;
			defaultConfigurationName = Release;
		};
		FA40529A2BC30730007140A8 /* Build configuration list for PBXNativeTarget "GMonitorUITests" */ = {
			isa = XCConfigurationList;
			buildConfigurations = (
				FA40529B2BC30730007140A8 /* Debug */,
				FA40529C2BC30730007140A8 /* Release */,
			);
			defaultConfigurationIsVisible = 0;
			defaultConfigurationName = Release;
		};
/* End XCConfigurationList section */
	};
	rootObject = FA4052622BC3072F007140A8 /* Project object */;
}
